// !$*UTF8*$!
{ "archiveVersion" = "1"; "classes" = {  }; "objectVersion" = "77"; "objects" = { "000000000000000000000001" = { "isa" = "PBXFileSystemSynchronizedRootGroup"; "path" = "iOS/App"; "sourceTree" = "<group>"; }; "000000000000000000000002" = { "isa" = "PBXFileSystemSynchronizedRootGroup"; "path" = "Sources/TriageCore"; "sourceTree" = "<group>"; }; "000000000000000000000003" = { "isa" = "PBXFileSystemSynchronizedRootGroup"; "path" = "iOS/Share"; "sourceTree" = "<group>"; }; "000000000000000000000004" = { "isa" = "PBXFileReference"; "explicitFileType" = "wrapper.application"; "path" = "LocalVerify.app"; "sourceTree" = "BUILT_PRODUCTS_DIR"; }; "000000000000000000000005" = { "isa" = "PBXFileReference"; "explicitFileType" = "wrapper.app-extension"; "path" = "LocalVerifyShare.appex"; "sourceTree" = "BUILT_PRODUCTS_DIR"; }; "000000000000000000000006" = { "isa" = "PBXGroup"; "children" = ( "000000000000000000000004", "000000000000000000000020" ); "name" = "Products"; "sourceTree" = "<group>"; }; "000000000000000000000007" = { "isa" = "PBXGroup"; "children" = ( "000000000000000000000001", "000000000000000000000002", "000000000000000000000006", "00000000000000000000000C", "00000000000000000000001F" ); "sourceTree" = "<group>"; }; "000000000000000000000008" = { "isa" = "PBXBuildFile"; "fileRef" = "000000000000000000000005"; "settings" = { "ATTRIBUTES" = ( "RemoveHeadersOnCopy" ); }; }; "000000000000000000000009" = { "isa" = "PBXCopyFilesBuildPhase"; "buildActionMask" = "2147483647"; "dstPath" = ""; "dstSubfolderSpec" = "13"; "files" = ( "000000000000000000000008" ); "runOnlyForDeploymentPostprocessing" = "0"; }; "00000000000000000000000A" = { "isa" = "PBXContainerItemProxy"; "containerPortal" = "00000000000000000000001E"; "proxyType" = "1"; "remoteGlobalIDString" = "00000000000000000000001A"; "remoteInfo" = "LocalVerifyShare"; }; "00000000000000000000000B" = { "isa" = "PBXTargetDependency"; "target" = "00000000000000000000001A"; "targetProxy" = "00000000000000000000000A"; }; "00000000000000000000000C" = { "isa" = "PBXFileReference"; "lastKnownFileType" = "text"; "path" = "LICENSE"; "sourceTree" = "<group>"; }; "00000000000000000000000D" = { "isa" = "PBXBuildFile"; "fileRef" = "00000000000000000000000C"; }; "00000000000000000000000E" = { "isa" = "PBXResourcesBuildPhase"; "buildActionMask" = "2147483647"; "files" = ( "00000000000000000000000D" ); "runOnlyForDeploymentPostprocessing" = "0"; }; "00000000000000000000000F" = { "isa" = "PBXSourcesBuildPhase"; "buildActionMask" = "2147483647"; "files" = (  ); "runOnlyForDeploymentPostprocessing" = "0"; }; "000000000000000000000010" = { "isa" = "PBXFrameworksBuildPhase"; "buildActionMask" = "2147483647"; "files" = (  ); "runOnlyForDeploymentPostprocessing" = "0"; }; "000000000000000000000011" = { "isa" = "XCBuildConfiguration"; "name" = "Debug"; "buildSettings" = { "SDKROOT" = "iphoneos"; "IPHONEOS_DEPLOYMENT_TARGET" = "17.0"; "SWIFT_VERSION" = "5.0"; "TARGETED_DEVICE_FAMILY" = "1,2"; "CODE_SIGN_STYLE" = "Automatic"; "DEVELOPMENT_TEAM" = "SUJ594N47C"; "GENERATE_INFOPLIST_FILE" = "NO"; "PRODUCT_NAME" = "$(TARGET_NAME)"; "CURRENT_PROJECT_VERSION" = "2"; "MARKETING_VERSION" = "0.1.0"; "LOCALVERIFY_DISPLAY_VERSION" = "0.1.0-20260906-0953"; "SWIFT_OPTIMIZATION_LEVEL" = "-Onone"; "SWIFT_ACTIVE_COMPILATION_CONDITIONS" = "DEBUG LOCAL_ONLY"; "ENABLE_USER_SCRIPT_SANDBOXING" = "YES"; "PRODUCT_BUNDLE_IDENTIFIER" = "org.mobiletriage.private"; "INFOPLIST_FILE" = "iOS/App-Info.plist"; "CODE_SIGN_ENTITLEMENTS" = ""; "SWIFT_INCLUDE_PATHS" = "$(SRCROOT)/Sources/CZlib"; "OTHER_LDFLAGS" = ( "$(inherited)", "-lz" ); "ASSETCATALOG_COMPILER_APPICON_NAME" = "AppIcon"; "ASSETCATALOG_COMPILER_GLOBAL_ACCENT_COLOR_NAME" = "AccentColor"; }; }; "000000000000000000000012" = { "isa" = "XCBuildConfiguration"; "name" = "Release"; "buildSettings" = { "SDKROOT" = "iphoneos"; "IPHONEOS_DEPLOYMENT_TARGET" = "17.0"; "SWIFT_VERSION" = "5.0"; "TARGETED_DEVICE_FAMILY" = "1,2"; "CODE_SIGN_STYLE" = "Automatic"; "DEVELOPMENT_TEAM" = "SUJ594N47C"; "GENERATE_INFOPLIST_FILE" = "NO"; "PRODUCT_NAME" = "$(TARGET_NAME)"; "CURRENT_PROJECT_VERSION" = "2"; "MARKETING_VERSION" = "0.1.0"; "LOCALVERIFY_DISPLAY_VERSION" = "0.1.0-20260906-0953"; "SWIFT_OPTIMIZATION_LEVEL" = "-O"; "SWIFT_ACTIVE_COMPILATION_CONDITIONS" = " LOCAL_ONLY"; "ENABLE_USER_SCRIPT_SANDBOXING" = "YES"; "PRODUCT_BUNDLE_IDENTIFIER" = "org.mobiletriage.private"; "INFOPLIST_FILE" = "iOS/App-Info.plist"; "CODE_SIGN_ENTITLEMENTS" = ""; "SWIFT_INCLUDE_PATHS" = "$(SRCROOT)/Sources/CZlib"; "OTHER_LDFLAGS" = ( "$(inherited)", "-lz" ); "ASSETCATALOG_COMPILER_APPICON_NAME" = "AppIcon"; "ASSETCATALOG_COMPILER_GLOBAL_ACCENT_COLOR_NAME" = "AccentColor"; }; }; "000000000000000000000013" = { "isa" = "XCConfigurationList"; "buildConfigurations" = ( "000000000000000000000011", "000000000000000000000012" ); "defaultConfigurationIsVisible" = "0"; "defaultConfigurationName" = "Debug"; }; "000000000000000000000014" = { "isa" = "PBXNativeTarget"; "name" = "LocalVerify"; "productName" = "LocalVerify"; "productReference" = "000000000000000000000004"; "productType" = "com.apple.product-type.application"; "buildConfigurationList" = "000000000000000000000013"; "buildPhases" = ( "000000000000000000000028", "00000000000000000000000F", "000000000000000000000010", "00000000000000000000000E" ); "dependencies" = (  ); "fileSystemSynchronizedGroups" = ( "000000000000000000000001", "000000000000000000000002" ); }; "000000000000000000000015" = { "isa" = "PBXSourcesBuildPhase"; "buildActionMask" = "2147483647"; "files" = (  ); "runOnlyForDeploymentPostprocessing" = "0"; }; "000000000000000000000016" = { "isa" = "PBXFrameworksBuildPhase"; "buildActionMask" = "2147483647"; "files" = (  ); "runOnlyForDeploymentPostprocessing" = "0"; }; "000000000000000000000017" = { "isa" = "XCBuildConfiguration"; "name" = "Debug"; "buildSettings" = { "SDKROOT" = "iphoneos"; "IPHONEOS_DEPLOYMENT_TARGET" = "17.0"; "SWIFT_VERSION" = "5.0"; "TARGETED_DEVICE_FAMILY" = "1,2"; "CODE_SIGN_STYLE" = "Automatic"; "DEVELOPMENT_TEAM" = "SUJ594N47C"; "GENERATE_INFOPLIST_FILE" = "NO"; "PRODUCT_NAME" = "$(TARGET_NAME)"; "CURRENT_PROJECT_VERSION" = "2"; "MARKETING_VERSION" = "0.1.0"; "LOCALVERIFY_DISPLAY_VERSION" = "0.1.0-20260906-0953"; "SWIFT_OPTIMIZATION_LEVEL" = "-Onone"; "SWIFT_ACTIVE_COMPILATION_CONDITIONS" = "DEBUG"; "ENABLE_USER_SCRIPT_SANDBOXING" = "YES"; "PRODUCT_BUNDLE_IDENTIFIER" = "org.mobiletriage.private.share"; "INFOPLIST_FILE" = "iOS/Share-Info.plist"; "CODE_SIGN_ENTITLEMENTS" = "iOS/LocalVerify.entitlements"; "APPLICATION_EXTENSION_API_ONLY" = "YES"; "SKIP_INSTALL" = "YES"; }; }; "000000000000000000000018" = { "isa" = "XCBuildConfiguration"; "name" = "Release"; "buildSettings" = { "SDKROOT" = "iphoneos"; "IPHONEOS_DEPLOYMENT_TARGET" = "17.0"; "SWIFT_VERSION" = "5.0"; "TARGETED_DEVICE_FAMILY" = "1,2"; "CODE_SIGN_STYLE" = "Automatic"; "DEVELOPMENT_TEAM" = "SUJ594N47C"; "GENERATE_INFOPLIST_FILE" = "NO"; "PRODUCT_NAME" = "$(TARGET_NAME)"; "CURRENT_PROJECT_VERSION" = "2"; "MARKETING_VERSION" = "0.1.0"; "LOCALVERIFY_DISPLAY_VERSION" = "0.1.0-20260906-0953"; "SWIFT_OPTIMIZATION_LEVEL" = "-O"; "SWIFT_ACTIVE_COMPILATION_CONDITIONS" = ""; "ENABLE_USER_SCRIPT_SANDBOXING" = "YES"; "PRODUCT_BUNDLE_IDENTIFIER" = "org.mobiletriage.private.share"; "INFOPLIST_FILE" = "iOS/Share-Info.plist"; "CODE_SIGN_ENTITLEMENTS" = "iOS/LocalVerify.entitlements"; "APPLICATION_EXTENSION_API_ONLY" = "YES"; "SKIP_INSTALL" = "YES"; }; }; "000000000000000000000019" = { "isa" = "XCConfigurationList"; "buildConfigurations" = ( "000000000000000000000017", "000000000000000000000018" ); "defaultConfigurationIsVisible" = "0"; "defaultConfigurationName" = "Debug"; }; "00000000000000000000001A" = { "isa" = "PBXNativeTarget"; "name" = "LocalVerifyShare"; "productName" = "LocalVerifyShare"; "productReference" = "000000000000000000000005"; "productType" = "com.apple.product-type.app-extension"; "buildConfigurationList" = "000000000000000000000019"; "buildPhases" = ( "000000000000000000000015", "000000000000000000000016" ); "dependencies" = (  ); "fileSystemSynchronizedGroups" = ( "000000000000000000000003" ); }; "00000000000000000000001B" = { "isa" = "XCBuildConfiguration"; "name" = "Debug"; "buildSettings" = { "CLANG_ENABLE_MODULES" = "YES"; }; }; "00000000000000000000001C" = { "isa" = "XCBuildConfiguration"; "name" = "Release"; "buildSettings" = { "CLANG_ENABLE_MODULES" = "YES"; }; }; "00000000000000000000001D" = { "isa" = "XCConfigurationList"; "buildConfigurations" = ( "00000000000000000000001B", "00000000000000000000001C" ); "defaultConfigurationIsVisible" = "0"; "defaultConfigurationName" = "Debug"; }; "00000000000000000000001E" = { "isa" = "PBXProject"; "attributes" = { "LastUpgradeCheck" = "2600"; }; "buildConfigurationList" = "00000000000000000000001D"; "compatibilityVersion" = "Xcode 16.0"; "developmentRegion" = "en"; "knownRegions" = ( "en", "Base" ); "mainGroup" = "000000000000000000000007"; "productRefGroup" = "000000000000000000000006"; "projectDirPath" = ""; "projectRoot" = ""; "targets" = ( "000000000000000000000014", "000000000000000000000027" ); }; "00000000000000000000001F" = { "isa" = "PBXFileSystemSynchronizedRootGroup"; "path" = "iOS/UITests"; "sourceTree" = "<group>"; }; "000000000000000000000020" = { "isa" = "PBXFileReference"; "explicitFileType" = "wrapper.cfbundle"; "path" = "LocalVerifyUITests.xctest"; "sourceTree" = "BUILT_PRODUCTS_DIR"; }; "000000000000000000000021" = { "isa" = "PBXSourcesBuildPhase"; "buildActionMask" = "2147483647"; "files" = (  ); "runOnlyForDeploymentPostprocessing" = "0"; }; "000000000000000000000022" = { "isa" = "PBXContainerItemProxy"; "containerPortal" = "00000000000000000000001E"; "proxyType" = "1"; "remoteGlobalIDString" = "000000000000000000000014"; "remoteInfo" = "LocalVerify"; }; "000000000000000000000023" = { "isa" = "PBXTargetDependency"; "target" = "000000000000000000000014"; "targetProxy" = "000000000000000000000022"; }; "000000000000000000000024" = { "isa" = "XCBuildConfiguration"; "name" = "Debug"; "buildSettings" = { "SDKROOT" = "iphoneos"; "IPHONEOS_DEPLOYMENT_TARGET" = "17.0"; "SWIFT_VERSION" = "5.0"; "TARGETED_DEVICE_FAMILY" = "1,2"; "PRODUCT_NAME" = "$(TARGET_NAME)"; "PRODUCT_BUNDLE_IDENTIFIER" = "org.mobiletriage.uitests"; "GENERATE_INFOPLIST_FILE" = "YES"; "TEST_TARGET_NAME" = "LocalVerify"; "CODE_SIGN_STYLE" = "Automatic"; }; }; "000000000000000000000025" = { "isa" = "XCBuildConfiguration"; "name" = "Release"; "buildSettings" = { "SDKROOT" = "iphoneos"; "IPHONEOS_DEPLOYMENT_TARGET" = "17.0"; "SWIFT_VERSION" = "5.0"; "TARGETED_DEVICE_FAMILY" = "1,2"; "PRODUCT_NAME" = "$(TARGET_NAME)"; "PRODUCT_BUNDLE_IDENTIFIER" = "org.mobiletriage.uitests"; "GENERATE_INFOPLIST_FILE" = "YES"; "TEST_TARGET_NAME" = "LocalVerify"; "CODE_SIGN_STYLE" = "Automatic"; }; }; "000000000000000000000026" = { "isa" = "XCConfigurationList"; "buildConfigurations" = ( "000000000000000000000024", "000000000000000000000025" ); "defaultConfigurationIsVisible" = "0"; "defaultConfigurationName" = "Debug"; }; "000000000000000000000027" = { "isa" = "PBXNativeTarget"; "name" = "LocalVerifyUITests"; "productName" = "LocalVerifyUITests"; "productReference" = "000000000000000000000020"; "productType" = "com.apple.product-type.bundle.ui-testing"; "buildConfigurationList" = "000000000000000000000026"; "buildPhases" = ( "000000000000000000000021" ); "dependencies" = ( "000000000000000000000023" ); "fileSystemSynchronizedGroups" = ( "00000000000000000000001F" ); }; "000000000000000000000028" = { "isa" = "PBXShellScriptBuildPhase"; "buildActionMask" = "2147483647"; "files" = (  ); "inputPaths" = ( "$(SRCROOT)/tools/check_offline.py", "$(SRCROOT)/Sources", "$(SRCROOT)/iOS/App", "$(SRCROOT)/iOS/Share", "$(SRCROOT)/iOS/App-Info.plist", "$(SRCROOT)/iOS/Share-Info.plist", "$(SRCROOT)/Package.swift", "$(SRCROOT)/LocalVerify.xcodeproj", "$(SRCROOT)/LocalVerifyLocal.xcodeproj", "$(SRCROOT)/LocalVerify.xcodeproj/project.pbxproj", "$(SRCROOT)/LocalVerifyLocal.xcodeproj/project.pbxproj", "$(SRCROOT)/Sources", "$(SRCROOT)/Sources/CZlib", "$(SRCROOT)/Sources/CZlib/shim.h", "$(SRCROOT)/Sources/TriageCore", "$(SRCROOT)/Sources/TriageCore/Analyzer.swift", "$(SRCROOT)/Sources/TriageCore/Archive.swift", "$(SRCROOT)/Sources/TriageCore/Export.swift", "$(SRCROOT)/Sources/TriageCore/FindingReview.swift", "$(SRCROOT)/Sources/TriageCore/InputLimits.swift", "$(SRCROOT)/Sources/TriageCore/LocalStorage.swift", "$(SRCROOT)/Sources/TriageCore/Models.swift", "$(SRCROOT)/Sources/TriageCore/ThreatUpdates.swift", "$(SRCROOT)/iOS/App", "$(SRCROOT)/iOS/App/Assets.xcassets", "$(SRCROOT)/iOS/App/Assets.xcassets/AccentColor.colorset", "$(SRCROOT)/iOS/App/Assets.xcassets/AppIcon.appiconset", "$(SRCROOT)/iOS/App/CollectionGuide.swift", "$(SRCROOT)/iOS/App/LocalVerifyApp.swift", "$(SRCROOT)/iOS/App/PrivacyShield.swift", "$(SRCROOT)/iOS/App/ThreatData", "$(SRCROOT)/iOS/Share", "$(SRCROOT)/iOS/Share/ShareViewController.swift" ); "outputPaths" = (  ); "shellPath" = "/bin/sh"; "shellScript" = "python3 \"$SRCROOT/tools/check_offline.py\""; "name" = "Check offline source policy"; "alwaysOutOfDate" = "1"; "runOnlyForDeploymentPostprocessing" = "0"; }; }; "rootObject" = "00000000000000000000001E"; }
